
Microsoft Visual Studio Solution File, Format Version 12.00
# Visual Studio Version 16
VisualStudioVersion = 16.0.29709.97
MinimumVisualStudioVersion = 10.0.40219.1
Project("{9A19103F-16F7-4668-BE54-9A1E7A4F7556}") = "BankingApplication", "BankingApplication.csproj", "{B9D04E1F-C216-4F47-8E8B-E1CC6A36E906}"
EndProject
Global
	GlobalSection(SolutionConfigurationPlatforms) = preSolution
		Debug|Any CPU = Debug|Any CPU
		Release|Any CPU = Release|Any CPU
	EndGlobalSection
	GlobalSection(ProjectConfigurationPlatforms) = postSolution
		{B9D04E1F-C216-4F47-8E8B-E1CC6A36E906}.Debug|Any CPU.ActiveCfg = Debug|Any CPU
		{B9D04E1F-C216-4F47-8E8B-E1CC6A36E906}.Debug|Any CPU.Build.0 = Debug|Any CPU
		{B9D04E1F-C216-4F47-8E8B-E1CC6A36E906}.Release|Any CPU.ActiveCfg = Release|Any CPU
		{B9D04E1F-C216-4F47-8E8B-E1CC6A36E906}.Release|Any CPU.Build.0 = Release|Any CPU
	EndGlobalSection
	GlobalSection(SolutionProperties) = preSolution
		HideSolutionNode = FALSE
	EndGlobalSection
	GlobalSection(ExtensibilityGlobals) = postSolution
		SolutionGuid = {C241854B-C3E3-482B-8C1C-224A9176CF38}
	EndGlobalSection
EndGlobal
